
Microsoft Visual Studio Solution File, Format Version 10.00
# Visual Studio 2008
Project("{8BC9CEB8-8B4A-11D0-8D11-00A0C91BC942}") = "GMusic", "GMusic\GMusic.vcproj", "{EA2DF7B6-F358-490C-8904-F608A0BB78D0}"
EndProject
Global
	GlobalSection(SolutionConfigurationPlatforms) = preSolution
		Debug|Win32 = Debug|Win32
		Release|Win32 = Release|Win32
	EndGlobalSection
	GlobalSection(ProjectConfigurationPlatforms) = postSolution
		{EA2DF7B6-F358-490C-8904-F608A0BB78D0}.Debug|Win32.ActiveCfg = Debug|Win32
		{EA2DF7B6-F358-490C-8904-F608A0BB78D0}.Debug|Win32.Build.0 = Debug|Win32
		{EA2DF7B6-F358-490C-8904-F608A0BB78D0}.Release|Win32.ActiveCfg = Release|Win32
		{EA2DF7B6-F358-490C-8904-F608A0BB78D0}.Release|Win32.Build.0 = Release|Win32
	EndGlobalSection
	GlobalSection(SolutionProperties) = preSolution
		HideSolutionNode = FALSE
	EndGlobalSection
EndGlobal
