
Microsoft Visual Studio Solution File, Format Version 10.00
# Visual Studio 2008
Project("{8BC9CEB8-8B4A-11D0-8D11-00A0C91BC942}") = "CalcFrame", "CalcFrame\CalcFrame.vcproj", "{77657860-FD4C-4D36-B1F1-B40E5554536D}"
EndProject
Global
	GlobalSection(SolutionConfigurationPlatforms) = preSolution
		Debug|Win32 = Debug|Win32
		Release|Win32 = Release|Win32
	EndGlobalSection
	GlobalSection(ProjectConfigurationPlatforms) = postSolution
		{77657860-FD4C-4D36-B1F1-B40E5554536D}.Debug|Win32.ActiveCfg = Debug|Win32
		{77657860-FD4C-4D36-B1F1-B40E5554536D}.Debug|Win32.Build.0 = Debug|Win32
		{77657860-FD4C-4D36-B1F1-B40E5554536D}.Release|Win32.ActiveCfg = Release|Win32
		{77657860-FD4C-4D36-B1F1-B40E5554536D}.Release|Win32.Build.0 = Release|Win32
	EndGlobalSection
	GlobalSection(SolutionProperties) = preSolution
		HideSolutionNode = FALSE
	EndGlobalSection
EndGlobal
