
Microsoft Visual Studio Solution File, Format Version 10.00
# Visual Studio 2008
Project("{8BC9CEB8-8B4A-11D0-8D11-00A0C91BC942}") = "DataBase", "DataBase\DataBase.vcproj", "{CFF7FC01-A357-496C-B0F0-D21CAF816476}"
EndProject
Global
	GlobalSection(SolutionConfigurationPlatforms) = preSolution
		Debug|Win32 = Debug|Win32
		Release|Win32 = Release|Win32
	EndGlobalSection
	GlobalSection(ProjectConfigurationPlatforms) = postSolution
		{CFF7FC01-A357-496C-B0F0-D21CAF816476}.Debug|Win32.ActiveCfg = Debug|Win32
		{CFF7FC01-A357-496C-B0F0-D21CAF816476}.Debug|Win32.Build.0 = Debug|Win32
		{CFF7FC01-A357-496C-B0F0-D21CAF816476}.Release|Win32.ActiveCfg = Release|Win32
		{CFF7FC01-A357-496C-B0F0-D21CAF816476}.Release|Win32.Build.0 = Release|Win32
	EndGlobalSection
	GlobalSection(SolutionProperties) = preSolution
		HideSolutionNode = FALSE
	EndGlobalSection
EndGlobal
